dependencies:
  espressif/cmake_utilities:
    component_hash: 05165f30922b422b4b90c08845e6d449329b97370fbd06309803d8cb539d79e3
    dependencies:
    - name: idf
      require: private
      version: '>=4.1'
    source:
      registry_url: https://components.espressif.com
      type: service
    version: 1.1.1
  espressif/esp-now:
    component_hash: 217f4e2c1672bcc71e5890fb3659528bbce5f1a8a995b1668fec9374acbd0f45
    dependencies:
    - name: espressif/cmake_utilities
      registry_url: https://components.espressif.com
      require: private
      version: '>=0.5.3'
    - name: idf
      require: private
      version: '>=4.4'
    source:
      registry_url: https://components.espressif.com/
      type: service
    version: 2.5.3
  idf:
    source:
      type: idf
    version: 6.0.0
direct_dependencies:
- espressif/esp-now
- idf
manifest_hash: 20e17a0d69cb72f21a37808d90c912e575b4dbb6bcac5927d2b3b9ac23fd3f93
target: esp32s3
version: 3.0.0
